
Microsoft Visual Studio Solution File, Format Version 12.00
# Visual Studio 2013
VisualStudioVersion = 12.0.30723.0
MinimumVisualStudioVersion = 10.0.40219.1
Project("{2150E333-8FDC-42A3-9474-1A3956D46DE8}") = "Data", "Data", "{A05C3EA3-C58B-4629-A61E-A2E4044D2374}"
EndProject
Project("{FAE04EC0-301F-11D3-BF4B-00C04F79EFBC}") = "CarsAndDrivers.Web", "CarsAndDrivers.Web\CarsAndDrivers.Web.csproj", "{0FB0A036-02F7-4A1D-B90A-BF11198F093E}"
EndProject
Project("{FAE04EC0-301F-11D3-BF4B-00C04F79EFBC}") = "CarsAndDrivers.Data", "CarsAndDrivers.Data\CarsAndDrivers.Data.csproj", "{C08928F9-1A85-452C-8418-C581FC400E87}"
EndProject
Project("{FAE04EC0-301F-11D3-BF4B-00C04F79EFBC}") = "CarsAndDrivers.Models", "CarsAndDrivers.Models\CarsAndDrivers.Models.csproj", "{ABA988BE-53A9-412D-A5DB-424840FBBBC2}"
EndProject
Project("{FAE04EC0-301F-11D3-BF4B-00C04F79EFBC}") = "CarsAndDrivers.Data.Common", "CarsAndDrivers.Data.Common\CarsAndDrivers.Data.Common.csproj", "{77D305CF-944A-4A6C-8356-CD81407F6890}"
EndProject
Global
	GlobalSection(SolutionConfigurationPlatforms) = preSolution
		Debug|Any CPU = Debug|Any CPU
		Release|Any CPU = Release|Any CPU
	EndGlobalSection
	GlobalSection(ProjectConfigurationPlatforms) = postSolution
		{0FB0A036-02F7-4A1D-B90A-BF11198F093E}.Debug|Any CPU.ActiveCfg = Debug|Any CPU
		{0FB0A036-02F7-4A1D-B90A-BF11198F093E}.Debug|Any CPU.Build.0 = Debug|Any CPU
		{0FB0A036-02F7-4A1D-B90A-BF11198F093E}.Release|Any CPU.ActiveCfg = Release|Any CPU
		{0FB0A036-02F7-4A1D-B90A-BF11198F093E}.Release|Any CPU.Build.0 = Release|Any CPU
		{C08928F9-1A85-452C-8418-C581FC400E87}.Debug|Any CPU.ActiveCfg = Debug|Any CPU
		{C08928F9-1A85-452C-8418-C581FC400E87}.Debug|Any CPU.Build.0 = Debug|Any CPU
		{C08928F9-1A85-452C-8418-C581FC400E87}.Release|Any CPU.ActiveCfg = Release|Any CPU
		{C08928F9-1A85-452C-8418-C581FC400E87}.Release|Any CPU.Build.0 = Release|Any CPU
		{ABA988BE-53A9-412D-A5DB-424840FBBBC2}.Debug|Any CPU.ActiveCfg = Debug|Any CPU
		{ABA988BE-53A9-412D-A5DB-424840FBBBC2}.Debug|Any CPU.Build.0 = Debug|Any CPU
		{ABA988BE-53A9-412D-A5DB-424840FBBBC2}.Release|Any CPU.ActiveCfg = Release|Any CPU
		{ABA988BE-53A9-412D-A5DB-424840FBBBC2}.Release|Any CPU.Build.0 = Release|Any CPU
		{77D305CF-944A-4A6C-8356-CD81407F6890}.Debug|Any CPU.ActiveCfg = Debug|Any CPU
		{77D305CF-944A-4A6C-8356-CD81407F6890}.Debug|Any CPU.Build.0 = Debug|Any CPU
		{77D305CF-944A-4A6C-8356-CD81407F6890}.Release|Any CPU.ActiveCfg = Release|Any CPU
		{77D305CF-944A-4A6C-8356-CD81407F6890}.Release|Any CPU.Build.0 = Release|Any CPU
	EndGlobalSection
	GlobalSection(SolutionProperties) = preSolution
		HideSolutionNode = FALSE
	EndGlobalSection
	GlobalSection(NestedProjects) = preSolution
		{C08928F9-1A85-452C-8418-C581FC400E87} = {A05C3EA3-C58B-4629-A61E-A2E4044D2374}
		{ABA988BE-53A9-412D-A5DB-424840FBBBC2} = {A05C3EA3-C58B-4629-A61E-A2E4044D2374}
		{77D305CF-944A-4A6C-8356-CD81407F6890} = {A05C3EA3-C58B-4629-A61E-A2E4044D2374}
	EndGlobalSection
EndGlobal
